{
  "name": "vue3app",
  "version": "0.1.0-alpha.0",
  "lockfileVersion": 3,
  "requires": true,
  "packages": {
    "": {
      "name": "vue3app",
      "version": "0.1.0-alpha.0",
      "license": "MIT",
      "workspaces": [
        "packages/*"
      ]
    },
    "node_modules/@vue3app/cli": {
      "resolved": "packages/cli",
      "link": true
    },
    "node_modules/@vue3app/mp-alipay": {
      "resolved": "packages/mp-alipay",
      "link": true
    },
    "node_modules/@vue3app/mp-weixin": {
      "resolved": "packages/mp-weixin",
      "link": true
    },
    "node_modules/@vue3app/plugin": {
      "resolved": "packages/plugin",
      "link": true
    },
    "node_modules/@vue3app/types": {
      "resolved": "packages/types",
      "link": true
    },
    "node_modules/@vue3app/web": {
      "resolved": "packages/web",
      "link": true
    },
    "packages/cli": {
      "name": "@vue3app/cli",
      "version": "0.1.0-alpha.0",
      "license": "MIT",
      "bin": {
        "vue3app": "bin/run"
      }
    },
    "packages/mp-alipay": {
      "name": "@vue3app/mp-alipay",
      "version": "0.1.0-alpha.0",
      "license": "MIT"
    },
    "packages/mp-weixin": {
      "name": "@vue3app/mp-weixin",
      "version": "0.1.0-alpha.0",
      "license": "MIT"
    },
    "packages/plugin": {
      "name": "@vue3app/plugin",
      "version": "0.1.0-alpha.0",
      "license": "MIT"
    },
    "packages/types": {
      "name": "@vue3app/types",
      "version": "0.1.0-alpha.0",
      "license": "MIT",
      "bin": {
        "vue3app": "bin/run"
      }
    },
    "packages/web": {
      "name": "@vue3app/web",
      "version": "0.1.0-alpha.0",
      "license": "MIT"
    }
  }
}
